
Microsoft Visual Studio Solution File, Format Version 12.00
Project("{FAE04EC0-301F-11D3-BF4B-00C04F79EFBC}") = "AntennaScraper.Lib", "src\AntennaScraper.Lib\AntennaScraper.Lib.csproj", "{B9D8F49A-558D-4C8E-909C-B81085DF092B}"
EndProject
Project("{FAE04EC0-301F-11D3-BF4B-00C04F79EFBC}") = "AntennaScraper.Migrator", "src\AntennaScraper.Migrator\AntennaScraper.Migrator.csproj", "{0E7AA75A-963D-4E76-A317-553A9AEECFEC}"
EndProject
Project("{FAE04EC0-301F-11D3-BF4B-00C04F79EFBC}") = "AntennaScraper.Api", "src\AntennaScraper.Api\AntennaScraper.Api.csproj", "{5667DDD4-8C8C-4662-86BD-72A9164C94A9}"
EndProject
Project("{FAE04EC0-301F-11D3-BF4B-00C04F79EFBC}") = "AntennaScraper.Tests.Lib", "src\AntennaScraper.Tests.Lib\AntennaScraper.Tests.Lib.csproj", "{024C565A-A37D-4DEA-B791-DED93736D577}"
EndProject
Global
	GlobalSection(SolutionConfigurationPlatforms) = preSolution
		Debug|Any CPU = Debug|Any CPU
		Debug|x64 = Debug|x64
		Debug|x86 = Debug|x86
		Release|Any CPU = Release|Any CPU
		Release|x64 = Release|x64
		Release|x86 = Release|x86
	EndGlobalSection
	GlobalSection(ProjectConfigurationPlatforms) = postSolution
		{B9D8F49A-558D-4C8E-909C-B81085DF092B}.Debug|Any CPU.ActiveCfg = Debug|Any CPU
		{B9D8F49A-558D-4C8E-909C-B81085DF092B}.Debug|Any CPU.Build.0 = Debug|Any CPU
		{B9D8F49A-558D-4C8E-909C-B81085DF092B}.Debug|x64.ActiveCfg = Debug|Any CPU
		{B9D8F49A-558D-4C8E-909C-B81085DF092B}.Debug|x64.Build.0 = Debug|Any CPU
		{B9D8F49A-558D-4C8E-909C-B81085DF092B}.Debug|x86.ActiveCfg = Debug|Any CPU
		{B9D8F49A-558D-4C8E-909C-B81085DF092B}.Debug|x86.Build.0 = Debug|Any CPU
		{B9D8F49A-558D-4C8E-909C-B81085DF092B}.Release|Any CPU.ActiveCfg = Release|Any CPU
		{B9D8F49A-558D-4C8E-909C-B81085DF092B}.Release|Any CPU.Build.0 = Release|Any CPU
		{B9D8F49A-558D-4C8E-909C-B81085DF092B}.Release|x64.ActiveCfg = Release|Any CPU
		{B9D8F49A-558D-4C8E-909C-B81085DF092B}.Release|x64.Build.0 = Release|Any CPU
		{B9D8F49A-558D-4C8E-909C-B81085DF092B}.Release|x86.ActiveCfg = Release|Any CPU
		{B9D8F49A-558D-4C8E-909C-B81085DF092B}.Release|x86.Build.0 = Release|Any CPU
		{0E7AA75A-963D-4E76-A317-553A9AEECFEC}.Debug|Any CPU.ActiveCfg = Debug|Any CPU
		{0E7AA75A-963D-4E76-A317-553A9AEECFEC}.Debug|Any CPU.Build.0 = Debug|Any CPU
		{0E7AA75A-963D-4E76-A317-553A9AEECFEC}.Debug|x64.ActiveCfg = Debug|Any CPU
		{0E7AA75A-963D-4E76-A317-553A9AEECFEC}.Debug|x64.Build.0 = Debug|Any CPU
		{0E7AA75A-963D-4E76-A317-553A9AEECFEC}.Debug|x86.ActiveCfg = Debug|Any CPU
		{0E7AA75A-963D-4E76-A317-553A9AEECFEC}.Debug|x86.Build.0 = Debug|Any CPU
		{0E7AA75A-963D-4E76-A317-553A9AEECFEC}.Release|Any CPU.ActiveCfg = Release|Any CPU
		{0E7AA75A-963D-4E76-A317-553A9AEECFEC}.Release|Any CPU.Build.0 = Release|Any CPU
		{0E7AA75A-963D-4E76-A317-553A9AEECFEC}.Release|x64.ActiveCfg = Release|Any CPU
		{0E7AA75A-963D-4E76-A317-553A9AEECFEC}.Release|x64.Build.0 = Release|Any CPU
		{0E7AA75A-963D-4E76-A317-553A9AEECFEC}.Release|x86.ActiveCfg = Release|Any CPU
		{0E7AA75A-963D-4E76-A317-553A9AEECFEC}.Release|x86.Build.0 = Release|Any CPU
		{5667DDD4-8C8C-4662-86BD-72A9164C94A9}.Debug|Any CPU.ActiveCfg = Debug|Any CPU
		{5667DDD4-8C8C-4662-86BD-72A9164C94A9}.Debug|Any CPU.Build.0 = Debug|Any CPU
		{5667DDD4-8C8C-4662-86BD-72A9164C94A9}.Debug|x64.ActiveCfg = Debug|Any CPU
		{5667DDD4-8C8C-4662-86BD-72A9164C94A9}.Debug|x64.Build.0 = Debug|Any CPU
		{5667DDD4-8C8C-4662-86BD-72A9164C94A9}.Debug|x86.ActiveCfg = Debug|Any CPU
		{5667DDD4-8C8C-4662-86BD-72A9164C94A9}.Debug|x86.Build.0 = Debug|Any CPU
		{5667DDD4-8C8C-4662-86BD-72A9164C94A9}.Release|Any CPU.ActiveCfg = Release|Any CPU
		{5667DDD4-8C8C-4662-86BD-72A9164C94A9}.Release|Any CPU.Build.0 = Release|Any CPU
		{5667DDD4-8C8C-4662-86BD-72A9164C94A9}.Release|x64.ActiveCfg = Release|Any CPU
		{5667DDD4-8C8C-4662-86BD-72A9164C94A9}.Release|x64.Build.0 = Release|Any CPU
		{5667DDD4-8C8C-4662-86BD-72A9164C94A9}.Release|x86.ActiveCfg = Release|Any CPU
		{5667DDD4-8C8C-4662-86BD-72A9164C94A9}.Release|x86.Build.0 = Release|Any CPU
		{024C565A-A37D-4DEA-B791-DED93736D577}.Debug|Any CPU.ActiveCfg = Debug|Any CPU
		{024C565A-A37D-4DEA-B791-DED93736D577}.Debug|Any CPU.Build.0 = Debug|Any CPU
		{024C565A-A37D-4DEA-B791-DED93736D577}.Debug|x64.ActiveCfg = Debug|Any CPU
		{024C565A-A37D-4DEA-B791-DED93736D577}.Debug|x64.Build.0 = Debug|Any CPU
		{024C565A-A37D-4DEA-B791-DED93736D577}.Debug|x86.ActiveCfg = Debug|Any CPU
		{024C565A-A37D-4DEA-B791-DED93736D577}.Debug|x86.Build.0 = Debug|Any CPU
		{024C565A-A37D-4DEA-B791-DED93736D577}.Release|Any CPU.ActiveCfg = Release|Any CPU
		{024C565A-A37D-4DEA-B791-DED93736D577}.Release|Any CPU.Build.0 = Release|Any CPU
		{024C565A-A37D-4DEA-B791-DED93736D577}.Release|x64.ActiveCfg = Release|Any CPU
		{024C565A-A37D-4DEA-B791-DED93736D577}.Release|x64.Build.0 = Release|Any CPU
		{024C565A-A37D-4DEA-B791-DED93736D577}.Release|x86.ActiveCfg = Release|Any CPU
		{024C565A-A37D-4DEA-B791-DED93736D577}.Release|x86.Build.0 = Release|Any CPU
	EndGlobalSection
	GlobalSection(SolutionProperties) = preSolution
		HideSolutionNode = FALSE
	EndGlobalSection
	GlobalSection(NestedProjects) = preSolution
		{024C565A-A37D-4DEA-B791-DED93736D577} = {827E0CD3-B72D-47B6-A68D-7590B98EB39B}
	EndGlobalSection
EndGlobal
